
Microsoft Visual Studio Solution File, Format Version 12.00
# Visual Studio 15
VisualStudioVersion = 15.0.28307.136
MinimumVisualStudioVersion = 10.0.40219.1
Project("{FAE04EC0-301F-11D3-BF4B-00C04F79EFBC}") = "DALRESTfulProject", "DALRESTfulProject\DALRESTfulProject.csproj", "{211E1F32-FC75-4314-B523-C4953133277B}"
EndProject
Project("{FAE04EC0-301F-11D3-BF4B-00C04F79EFBC}") = "DALRESTfulUtil", "DALRESTfulUtil\DALRESTfulUtil.csproj", "{6065A6F1-2896-44D9-874D-1D018B580F23}"
EndProject
Global
	GlobalSection(SolutionConfigurationPlatforms) = preSolution
		Debug|Any CPU = Debug|Any CPU
		Release|Any CPU = Release|Any CPU
	EndGlobalSection
	GlobalSection(ProjectConfigurationPlatforms) = postSolution
		{211E1F32-FC75-4314-B523-C4953133277B}.Debug|Any CPU.ActiveCfg = Debug|Any CPU
		{211E1F32-FC75-4314-B523-C4953133277B}.Debug|Any CPU.Build.0 = Debug|Any CPU
		{211E1F32-FC75-4314-B523-C4953133277B}.Release|Any CPU.ActiveCfg = Release|Any CPU
		{211E1F32-FC75-4314-B523-C4953133277B}.Release|Any CPU.Build.0 = Release|Any CPU
		{6065A6F1-2896-44D9-874D-1D018B580F23}.Debug|Any CPU.ActiveCfg = Debug|Any CPU
		{6065A6F1-2896-44D9-874D-1D018B580F23}.Debug|Any CPU.Build.0 = Debug|Any CPU
		{6065A6F1-2896-44D9-874D-1D018B580F23}.Release|Any CPU.ActiveCfg = Release|Any CPU
		{6065A6F1-2896-44D9-874D-1D018B580F23}.Release|Any CPU.Build.0 = Release|Any CPU
	EndGlobalSection
	GlobalSection(SolutionProperties) = preSolution
		HideSolutionNode = FALSE
	EndGlobalSection
	GlobalSection(ExtensibilityGlobals) = postSolution
		SolutionGuid = {C813E8ED-BC62-453B-8CFD-58D544262793}
	EndGlobalSection
EndGlobal
